// !$*UTF8*$!
{
	archiveVersion = 1;
	classes = {
	};
	objectVersion = 50;
	objects = {

/* Begin PBXBuildFile section */
		011A3EF9254F5C2900F145C2 /* AnimalMemoryV2App.swift in Sources */ = {isa = PBXBuildFile; fileRef = 011A3EF8254F5C2900F145C2 /* AnimalMemoryV2App.swift */; };
		011A3EFD254F5C2A00F145C2 /* Assets.xcassets in Resources */ = {isa = PBXBuildFile; fileRef = 011A3EFC254F5C2A00F145C2 /* Assets.xcassets */; };
		011A3F00254F5C2A00F145C2 /* Preview Assets.xcassets in Resources */ = {isa = PBXBuildFile; fileRef = 011A3EFF254F5C2A00F145C2 /* Preview Assets.xcassets */; };
		011A3F0B254F5C2A00F145C2 /* AnimalMemoryV2Tests.swift in Sources */ = {isa = PBXBuildFile; fileRef = 011A3F0A254F5C2A00F145C2 /* AnimalMemoryV2Tests.swift */; };
		011A3F16254F5C2A00F145C2 /* AnimalMemoryV2UITests.swift in Sources */ = {isa = PBXBuildFile; fileRef = 011A3F15254F5C2A00F145C2 /* AnimalMemoryV2UITests.swift */; };
		011A3F28254F5E0D00F145C2 /* TileData.swift in Sources */ = {isa = PBXBuildFile; fileRef = 011A3F27254F5E0D00F145C2 /* TileData.swift */; };
		011A3F29254F5E0D00F145C2 /* TileData.swift in Sources */ = {isa = PBXBuildFile; fileRef = 011A3F27254F5E0D00F145C2 /* TileData.swift */; };
		011A3F2A254F5E0D00F145C2 /* TileData.swift in Sources */ = {isa = PBXBuildFile; fileRef = 011A3F27254F5E0D00F145C2 /* TileData.swift */; };
		011A3F35254F608600F145C2 /* TileDataTests.swift in Sources */ = {isa = PBXBuildFile; fileRef = 011A3F34254F608600F145C2 /* TileDataTests.swift */; };
		011A3F3D254F672100F145C2 /* GameData.swift in Sources */ = {isa = PBXBuildFile; fileRef = 011A3F3C254F672100F145C2 /* GameData.swift */; };
		011A3F3E254F672100F145C2 /* GameData.swift in Sources */ = {isa = PBXBuildFile; fileRef = 011A3F3C254F672100F145C2 /* GameData.swift */; };
		011A3F3F254F672100F145C2 /* GameData.swift in Sources */ = {isa = PBXBuildFile; fileRef = 011A3F3C254F672100F145C2 /* GameData.swift */; };
		011A3F4D254F688600F145C2 /* GameDataTests.swift in Sources */ = {isa = PBXBuildFile; fileRef = 011A3F4C254F688600F145C2 /* GameDataTests.swift */; };
		011A3F5B25507BB100F145C2 /* Tile.swift in Sources */ = {isa = PBXBuildFile; fileRef = 011A3F5A25507BB100F145C2 /* Tile.swift */; };
		011A3F5C25507BB100F145C2 /* Tile.swift in Sources */ = {isa = PBXBuildFile; fileRef = 011A3F5A25507BB100F145C2 /* Tile.swift */; };
		011A3F5D25507BB100F145C2 /* Tile.swift in Sources */ = {isa = PBXBuildFile; fileRef = 011A3F5A25507BB100F145C2 /* Tile.swift */; };
		011A3F6225507E5400F145C2 /* Board.swift in Sources */ = {isa = PBXBuildFile; fileRef = 011A3F6125507E5400F145C2 /* Board.swift */; };
		011A3F6325507E5400F145C2 /* Board.swift in Sources */ = {isa = PBXBuildFile; fileRef = 011A3F6125507E5400F145C2 /* Board.swift */; };
		011A3F6425507E5400F145C2 /* Board.swift in Sources */ = {isa = PBXBuildFile; fileRef = 011A3F6125507E5400F145C2 /* Board.swift */; };
		011A3F6D25509F4200F145C2 /* Game.swift in Sources */ = {isa = PBXBuildFile; fileRef = 011A3F6C25509F4200F145C2 /* Game.swift */; };
		011A3F6E25509F4200F145C2 /* Game.swift in Sources */ = {isa = PBXBuildFile; fileRef = 011A3F6C25509F4200F145C2 /* Game.swift */; };
		011A3F6F25509F4200F145C2 /* Game.swift in Sources */ = {isa = PBXBuildFile; fileRef = 011A3F6C25509F4200F145C2 /* Game.swift */; };
/* End PBXBuildFile section */

/* Begin PBXContainerItemProxy section */
		011A3F07254F5C2A00F145C2 /* PBXContainerItemProxy */ = {
			isa = PBXContainerItemProxy;
			containerPortal = 011A3EED254F5C2900F145C2 /* Project object */;
			proxyType = 1;
			remoteGlobalIDString = 011A3EF4254F5C2900F145C2;
			remoteInfo = AnimalMemoryV2;
		};
		011A3F12254F5C2A00F145C2 /* PBXContainerItemProxy */ = {
			isa = PBXContainerItemProxy;
			containerPortal = 011A3EED254F5C2900F145C2 /* Project object */;
			proxyType = 1;
			remoteGlobalIDString = 011A3EF4254F5C2900F145C2;
			remoteInfo = AnimalMemoryV2;
		};
/* End PBXContainerItemProxy section */

/* Begin PBXFileReference section */
		011A3EF5254F5C2900F145C2 /* AnimalMemoryV2.app */ = {isa = PBXFileReference; explicitFileType = wrapper.application; includeInIndex = 0; path = AnimalMemoryV2.app; sourceTree = BUILT_PRODUCTS_DIR; };
		011A3EF8254F5C2900F145C2 /* AnimalMemoryV2App.swift */ = {isa = PBXFileReference; lastKnownFileType = sourcecode.swift; path = AnimalMemoryV2App.swift; sourceTree = "<group>"; };
		011A3EFC254F5C2A00F145C2 /* Assets.xcassets */ = {isa = PBXFileReference; lastKnownFileType = folder.assetcatalog; path = Assets.xcassets; sourceTree = "<group>"; };
		011A3EFF254F5C2A00F145C2 /* Preview Assets.xcassets */ = {isa = PBXFileReference; lastKnownFileType = folder.assetcatalog; path = "Preview Assets.xcassets"; sourceTree = "<group>"; };
		011A3F01254F5C2A00F145C2 /* Info.plist */ = {isa = PBXFileReference; lastKnownFileType = text.plist.xml; path = Info.plist; sourceTree = "<group>"; };
		011A3F06254F5C2A00F145C2 /* AnimalMemoryV2Tests.xctest */ = {isa = PBXFileReference; explicitFileType = wrapper.cfbundle; includeInIndex = 0; path = AnimalMemoryV2Tests.xctest; sourceTree = BUILT_PRODUCTS_DIR; };
		011A3F0A254F5C2A00F145C2 /* AnimalMemoryV2Tests.swift */ = {isa = PBXFileReference; lastKnownFileType = sourcecode.swift; path = AnimalMemoryV2Tests.swift; sourceTree = "<group>"; };
		011A3F0C254F5C2A00F145C2 /* Info.plist */ = {isa = PBXFileReference; lastKnownFileType = text.plist.xml; path = Info.plist; sourceTree = "<group>"; };
		011A3F11254F5C2A00F145C2 /* AnimalMemoryV2UITests.xctest */ = {isa = PBXFileReference; explicitFileType = wrapper.cfbundle; includeInIndex = 0; path = AnimalMemoryV2UITests.xctest; sourceTree = BUILT_PRODUCTS_DIR; };
		011A3F15254F5C2A00F145C2 /* AnimalMemoryV2UITests.swift */ = {isa = PBXFileReference; lastKnownFileType = sourcecode.swift; path = AnimalMemoryV2UITests.swift; sourceTree = "<group>"; };
		011A3F17254F5C2A00F145C2 /* Info.plist */ = {isa = PBXFileReference; lastKnownFileType = text.plist.xml; path = Info.plist; sourceTree = "<group>"; };
		011A3F27254F5E0D00F145C2 /* TileData.swift */ = {isa = PBXFileReference; lastKnownFileType = sourcecode.swift; path = TileData.swift; sourceTree = "<group>"; };
		011A3F34254F608600F145C2 /* TileDataTests.swift */ = {isa = PBXFileReference; lastKnownFileType = sourcecode.swift; path = TileDataTests.swift; sourceTree = "<group>"; };
		011A3F3C254F672100F145C2 /* GameData.swift */ = {isa = PBXFileReference; lastKnownFileType = sourcecode.swift; path = GameData.swift; sourceTree = "<group>"; };
		011A3F4C254F688600F145C2 /* GameDataTests.swift */ = {isa = PBXFileReference; lastKnownFileType = sourcecode.swift; path = GameDataTests.swift; sourceTree = "<group>"; };
		011A3F5A25507BB100F145C2 /* Tile.swift */ = {isa = PBXFileReference; lastKnownFileType = sourcecode.swift; path = Tile.swift; sourceTree = "<group>"; };
		011A3F6125507E5400F145C2 /* Board.swift */ = {isa = PBXFileReference; lastKnownFileType = sourcecode.swift; path = Board.swift; sourceTree = "<group>"; };
		011A3F6C25509F4200F145C2 /* Game.swift */ = {isa = PBXFileReference; lastKnownFileType = sourcecode.swift; path = Game.swift; sourceTree = "<group>"; };
/* End PBXFileReference section */

/* Begin PBXFrameworksBuildPhase section */
		011A3EF2254F5C2900F145C2 /* Frameworks */ = {
			isa = PBXFrameworksBuildPhase;
			buildActionMask = 2147483647;
			files = (
			);
			runOnlyForDeploymentPostprocessing = 0;
		};
		011A3F03254F5C2A00F145C2 /* Frameworks */ = {
			isa = PBXFrameworksBuildPhase;
			buildActionMask = 2147483647;
			files = (
			);
			runOnlyForDeploymentPostprocessing = 0;
		};
		011A3F0E254F5C2A00F145C2 /* Frameworks */ = {
			isa = PBXFrameworksBuildPhase;
			buildActionMask = 2147483647;
			files = (
			);
			runOnlyForDeploymentPostprocessing = 0;
		};
/* End PBXFrameworksBuildPhase section */

/* Begin PBXGroup section */
		011A3EEC254F5C2900F145C2 = {
			isa = PBXGroup;
			children = (
				011A3EF7254F5C2900F145C2 /* AnimalMemoryV2 */,
				011A3F09254F5C2A00F145C2 /* AnimalMemoryV2Tests */,
				011A3F14254F5C2A00F145C2 /* AnimalMemoryV2UITests */,
				011A3EF6254F5C2900F145C2 /* Products */,
			);
			sourceTree = "<group>";
		};
		011A3EF6254F5C2900F145C2 /* Products */ = {
			isa = PBXGroup;
			children = (
				011A3EF5254F5C2900F145C2 /* AnimalMemoryV2.app */,
				011A3F06254F5C2A00F145C2 /* AnimalMemoryV2Tests.xctest */,
				011A3F11254F5C2A00F145C2 /* AnimalMemoryV2UITests.xctest */,
			);
			name = Products;
			sourceTree = "<group>";
		};
		011A3EF7254F5C2900F145C2 /* AnimalMemoryV2 */ = {
			isa = PBXGroup;
			children = (
				011A3F26254F5DF400F145C2 /* Model */,
				011A3F6B25509F2400F145C2 /* UI */,
				011A3EF8254F5C2900F145C2 /* AnimalMemoryV2App.swift */,
				011A3EFC254F5C2A00F145C2 /* Assets.xcassets */,
				011A3F01254F5C2A00F145C2 /* Info.plist */,
				011A3EFE254F5C2A00F145C2 /* Preview Content */,
			);
			path = AnimalMemoryV2;
			sourceTree = "<group>";
		};
		011A3EFE254F5C2A00F145C2 /* Preview Content */ = {
			isa = PBXGroup;
			children = (
				011A3EFF254F5C2A00F145C2 /* Preview Assets.xcassets */,
			);
			path = "Preview Content";
			sourceTree = "<group>";
		};
		011A3F09254F5C2A00F145C2 /* AnimalMemoryV2Tests */ = {
			isa = PBXGroup;
			children = (
				011A3F34254F608600F145C2 /* TileDataTests.swift */,
				011A3F4C254F688600F145C2 /* GameDataTests.swift */,
				011A3F0A254F5C2A00F145C2 /* AnimalMemoryV2Tests.swift */,
				011A3F0C254F5C2A00F145C2 /* Info.plist */,
			);
			path = AnimalMemoryV2Tests;
			sourceTree = "<group>";
		};
		011A3F14254F5C2A00F145C2 /* AnimalMemoryV2UITests */ = {
			isa = PBXGroup;
			children = (
				011A3F15254F5C2A00F145C2 /* AnimalMemoryV2UITests.swift */,
				011A3F17254F5C2A00F145C2 /* Info.plist */,
			);
			path = AnimalMemoryV2UITests;
			sourceTree = "<group>";
		};
		011A3F26254F5DF400F145C2 /* Model */ = {
			isa = PBXGroup;
			children = (
				011A3F27254F5E0D00F145C2 /* TileData.swift */,
				011A3F3C254F672100F145C2 /* GameData.swift */,
			);
			path = Model;
			sourceTree = "<group>";
		};
		011A3F6B25509F2400F145C2 /* UI */ = {
			isa = PBXGroup;
			children = (
				011A3F5A25507BB100F145C2 /* Tile.swift */,
				011A3F6125507E5400F145C2 /* Board.swift */,
				011A3F6C25509F4200F145C2 /* Game.swift */,
			);
			path = UI;
			sourceTree = "<group>";
		};
/* End PBXGroup section */

/* Begin PBXNativeTarget section */
		011A3EF4254F5C2900F145C2 /* AnimalMemoryV2 */ = {
			isa = PBXNativeTarget;
			buildConfigurationList = 011A3F1A254F5C2A00F145C2 /* Build configuration list for PBXNativeTarget "AnimalMemoryV2" */;
			buildPhases = (
				011A3EF1254F5C2900F145C2 /* Sources */,
				011A3EF2254F5C2900F145C2 /* Frameworks */,
				011A3EF3254F5C2900F145C2 /* Resources */,
			);
			buildRules = (
			);
			dependencies = (
			);
			name = AnimalMemoryV2;
			productName = AnimalMemoryV2;
			productReference = 011A3EF5254F5C2900F145C2 /* AnimalMemoryV2.app */;
			productType = "com.apple.product-type.application";
		};
		011A3F05254F5C2A00F145C2 /* AnimalMemoryV2Tests */ = {
			isa = PBXNativeTarget;
			buildConfigurationList = 011A3F1D254F5C2A00F145C2 /* Build configuration list for PBXNativeTarget "AnimalMemoryV2Tests" */;
			buildPhases = (
				011A3F02254F5C2A00F145C2 /* Sources */,
				011A3F03254F5C2A00F145C2 /* Frameworks */,
				011A3F04254F5C2A00F145C2 /* Resources */,
			);
			buildRules = (
			);
			dependencies = (
				011A3F08254F5C2A00F145C2 /* PBXTargetDependency */,
			);
			name = AnimalMemoryV2Tests;
			productName = AnimalMemoryV2Tests;
			productReference = 011A3F06254F5C2A00F145C2 /* AnimalMemoryV2Tests.xctest */;
			productType = "com.apple.product-type.bundle.unit-test";
		};
		011A3F10254F5C2A00F145C2 /* AnimalMemoryV2UITests */ = {
			isa = PBXNativeTarget;
			buildConfigurationList = 011A3F20254F5C2A00F145C2 /* Build configuration list for PBXNativeTarget "AnimalMemoryV2UITests" */;
			buildPhases = (
				011A3F0D254F5C2A00F145C2 /* Sources */,
				011A3F0E254F5C2A00F145C2 /* Frameworks */,
				011A3F0F254F5C2A00F145C2 /* Resources */,
			);
			buildRules = (
			);
			dependencies = (
				011A3F13254F5C2A00F145C2 /* PBXTargetDependency */,
			);
			name = AnimalMemoryV2UITests;
			productName = AnimalMemoryV2UITests;
			productReference = 011A3F11254F5C2A00F145C2 /* AnimalMemoryV2UITests.xctest */;
			productType = "com.apple.product-type.bundle.ui-testing";
		};
/* End PBXNativeTarget section */

/* Begin PBXProject section */
		011A3EED254F5C2900F145C2 /* Project object */ = {
			isa = PBXProject;
			attributes = {
				LastSwiftUpdateCheck = 1210;
				LastUpgradeCheck = 1210;
				TargetAttributes = {
					011A3EF4254F5C2900F145C2 = {
						CreatedOnToolsVersion = 12.1;
					};
					011A3F05254F5C2A00F145C2 = {
						CreatedOnToolsVersion = 12.1;
						TestTargetID = 011A3EF4254F5C2900F145C2;
					};
					011A3F10254F5C2A00F145C2 = {
						CreatedOnToolsVersion = 12.1;
						TestTargetID = 011A3EF4254F5C2900F145C2;
					};
				};
			};
			buildConfigurationList = 011A3EF0254F5C2900F145C2 /* Build configuration list for PBXProject "AnimalMemoryV2" */;
			compatibilityVersion = "Xcode 9.3";
			developmentRegion = en;
			hasScannedForEncodings = 0;
			knownRegions = (
				en,
				Base,
			);
			mainGroup = 011A3EEC254F5C2900F145C2;
			productRefGroup = 011A3EF6254F5C2900F145C2 /* Products */;
			projectDirPath = "";
			projectRoot = "";
			targets = (
				011A3EF4254F5C2900F145C2 /* AnimalMemoryV2 */,
				011A3F05254F5C2A00F145C2 /* AnimalMemoryV2Tests */,
				011A3F10254F5C2A00F145C2 /* AnimalMemoryV2UITests */,
			);
		};
/* End PBXProject section */

/* Begin PBXResourcesBuildPhase section */
		011A3EF3254F5C2900F145C2 /* Resources */ = {
			isa = PBXResourcesBuildPhase;
			buildActionMask = 2147483647;
			files = (
				011A3F00254F5C2A00F145C2 /* Preview Assets.xcassets in Resources */,
				011A3EFD254F5C2A00F145C2 /* Assets.xcassets in Resources */,
			);
			runOnlyForDeploymentPostprocessing = 0;
		};
		011A3F04254F5C2A00F145C2 /* Resources */ = {
			isa = PBXResourcesBuildPhase;
			buildActionMask = 2147483647;
			files = (
			);
			runOnlyForDeploymentPostprocessing = 0;
		};
		011A3F0F254F5C2A00F145C2 /* Resources */ = {
			isa = PBXResourcesBuildPhase;
			buildActionMask = 2147483647;
			files = (
			);
			runOnlyForDeploymentPostprocessing = 0;
		};
/* End PBXResourcesBuildPhase section */

/* Begin PBXSourcesBuildPhase section */
		011A3EF1254F5C2900F145C2 /* Sources */ = {
			isa = PBXSourcesBuildPhase;
			buildActionMask = 2147483647;
			files = (
				011A3F28254F5E0D00F145C2 /* TileData.swift in Sources */,
				011A3F6D25509F4200F145C2 /* Game.swift in Sources */,
				011A3F6225507E5400F145C2 /* Board.swift in Sources */,
				011A3F5B25507BB100F145C2 /* Tile.swift in Sources */,
				011A3EF9254F5C2900F145C2 /* AnimalMemoryV2App.swift in Sources */,
				011A3F3D254F672100F145C2 /* GameData.swift in Sources */,
			);
			runOnlyForDeploymentPostprocessing = 0;
		};
		011A3F02254F5C2A00F145C2 /* Sources */ = {
			isa = PBXSourcesBuildPhase;
			buildActionMask = 2147483647;
			files = (
				011A3F0B254F5C2A00F145C2 /* AnimalMemoryV2Tests.swift in Sources */,
				011A3F35254F608600F145C2 /* TileDataTests.swift in Sources */,
				011A3F29254F5E0D00F145C2 /* TileData.swift in Sources */,
				011A3F5C25507BB100F145C2 /* Tile.swift in Sources */,
				011A3F6325507E5400F145C2 /* Board.swift in Sources */,
				011A3F3E254F672100F145C2 /* GameData.swift in Sources */,
				011A3F4D254F688600F145C2 /* GameDataTests.swift in Sources */,
				011A3F6E25509F4200F145C2 /* Game.swift in Sources */,
			);
			runOnlyForDeploymentPostprocessing = 0;
		};
		011A3F0D254F5C2A00F145C2 /* Sources */ = {
			isa = PBXSourcesBuildPhase;
			buildActionMask = 2147483647;
			files = (
				011A3F16254F5C2A00F145C2 /* AnimalMemoryV2UITests.swift in Sources */,
				011A3F6F25509F4200F145C2 /* Game.swift in Sources */,
				011A3F3F254F672100F145C2 /* GameData.swift in Sources */,
				011A3F6425507E5400F145C2 /* Board.swift in Sources */,
				011A3F2A254F5E0D00F145C2 /* TileData.swift in Sources */,
				011A3F5D25507BB100F145C2 /* Tile.swift in Sources */,
			);
			runOnlyForDeploymentPostprocessing = 0;
		};
/* End PBXSourcesBuildPhase section */

/* Begin PBXTargetDependency section */
		011A3F08254F5C2A00F145C2 /* PBXTargetDependency */ = {
			isa = PBXTargetDependency;
			target = 011A3EF4254F5C2900F145C2 /* AnimalMemoryV2 */;
			targetProxy = 011A3F07254F5C2A00F145C2 /* PBXContainerItemProxy */;
		};
		011A3F13254F5C2A00F145C2 /* PBXTargetDependency */ = {
			isa = PBXTargetDependency;
			target = 011A3EF4254F5C2900F145C2 /* AnimalMemoryV2 */;
			targetProxy = 011A3F12254F5C2A00F145C2 /* PBXContainerItemProxy */;
		};
/* End PBXTargetDependency section */

/* Begin XCBuildConfiguration section */
		011A3F18254F5C2A00F145C2 /* Debug */ = {
			isa = XCBuildConfiguration;
			buildSettings = {
				ALWAYS_SEARCH_USER_PATHS = NO;
				CLANG_ANALYZER_NONNULL = YES;
				CLANG_ANALYZER_NUMBER_OBJECT_CONVERSION = YES_AGGRESSIVE;
				CLANG_CXX_LANGUAGE_STANDARD = "gnu++14";
				CLANG_CXX_LIBRARY = "libc++";
				CLANG_ENABLE_MODULES = YES;
				CLANG_ENABLE_OBJC_ARC = YES;
				CLANG_ENABLE_OBJC_WEAK = YES;
				CLANG_WARN_BLOCK_CAPTURE_AUTORELEASING = YES;
				CLANG_WARN_BOOL_CONVERSION = YES;
				CLANG_WARN_COMMA = YES;
				CLANG_WARN_CONSTANT_CONVERSION = YES;
				CLANG_WARN_DEPRECATED_OBJC_IMPLEMENTATIONS = YES;
				CLANG_WARN_DIRECT_OBJC_ISA_USAGE = YES_ERROR;
				CLANG_WARN_DOCUMENTATION_COMMENTS = YES;
				CLANG_WARN_EMPTY_BODY = YES;
				CLANG_WARN_ENUM_CONVERSION = YES;
				CLANG_WARN_INFINITE_RECURSION = YES;
				CLANG_WARN_INT_CONVERSION = YES;
				CLANG_WARN_NON_LITERAL_NULL_CONVERSION = YES;
				CLANG_WARN_OBJC_IMPLICIT_RETAIN_SELF = YES;
				CLANG_WARN_OBJC_LITERAL_CONVERSION = YES;
				CLANG_WARN_OBJC_ROOT_CLASS = YES_ERROR;
				CLANG_WARN_QUOTED_INCLUDE_IN_FRAMEWORK_HEADER = YES;
				CLANG_WARN_RANGE_LOOP_ANALYSIS = YES;
				CLANG_WARN_STRICT_PROTOTYPES = YES;
				CLANG_WARN_SUSPICIOUS_MOVE = YES;
				CLANG_WARN_UNGUARDED_AVAILABILITY = YES_AGGRESSIVE;
				CLANG_WARN_UNREACHABLE_CODE = YES;
				CLANG_WARN__DUPLICATE_METHOD_MATCH = YES;
				COPY_PHASE_STRIP = NO;
				DEBUG_INFORMATION_FORMAT = dwarf;
				ENABLE_STRICT_OBJC_MSGSEND = YES;
				ENABLE_TESTABILITY = YES;
				GCC_C_LANGUAGE_STANDARD = gnu11;
				GCC_DYNAMIC_NO_PIC = NO;
				GCC_NO_COMMON_BLOCKS = YES;
				GCC_OPTIMIZATION_LEVEL = 0;
				GCC_PREPROCESSOR_DEFINITIONS = (
					"DEBUG=1",
					"$(inherited)",
				);
				GCC_WARN_64_TO_32_BIT_CONVERSION = YES;
				GCC_WARN_ABOUT_RETURN_TYPE = YES_ERROR;
				GCC_WARN_UNDECLARED_SELECTOR = YES;
				GCC_WARN_UNINITIALIZED_AUTOS = YES_AGGRESSIVE;
				GCC_WARN_UNUSED_FUNCTION = YES;
				GCC_WARN_UNUSED_VARIABLE = YES;
				IPHONEOS_DEPLOYMENT_TARGET = 14.1;
				MTL_ENABLE_DEBUG_INFO = INCLUDE_SOURCE;
				MTL_FAST_MATH = YES;
				ONLY_ACTIVE_ARCH = YES;
				SDKROOT = iphoneos;
				SWIFT_ACTIVE_COMPILATION_CONDITIONS = DEBUG;
				SWIFT_OPTIMIZATION_LEVEL = "-Onone";
			};
			name = Debug;
		};
		011A3F19254F5C2A00F145C2 /* Release */ = {
			isa = XCBuildConfiguration;
			buildSettings = {
				ALWAYS_SEARCH_USER_PATHS = NO;
				CLANG_ANALYZER_NONNULL = YES;
				CLANG_ANALYZER_NUMBER_OBJECT_CONVERSION = YES_AGGRESSIVE;
				CLANG_CXX_LANGUAGE_STANDARD = "gnu++14";
				CLANG_CXX_LIBRARY = "libc++";
				CLANG_ENABLE_MODULES = YES;
				CLANG_ENABLE_OBJC_ARC = YES;
				CLANG_ENABLE_OBJC_WEAK = YES;
				CLANG_WARN_BLOCK_CAPTURE_AUTORELEASING = YES;
				CLANG_WARN_BOOL_CONVERSION = YES;
				CLANG_WARN_COMMA = YES;
				CLANG_WARN_CONSTANT_CONVERSION = YES;
				CLANG_WARN_DEPRECATED_OBJC_IMPLEMENTATIONS = YES;
				CLANG_WARN_DIRECT_OBJC_ISA_USAGE = YES_ERROR;
				CLANG_WARN_DOCUMENTATION_COMMENTS = YES;
				CLANG_WARN_EMPTY_BODY = YES;
				CLANG_WARN_ENUM_CONVERSION = YES;
				CLANG_WARN_INFINITE_RECURSION = YES;
				CLANG_WARN_INT_CONVERSION = YES;
				CLANG_WARN_NON_LITERAL_NULL_CONVERSION = YES;
				CLANG_WARN_OBJC_IMPLICIT_RETAIN_SELF = YES;
				CLANG_WARN_OBJC_LITERAL_CONVERSION = YES;
				CLANG_WARN_OBJC_ROOT_CLASS = YES_ERROR;
				CLANG_WARN_QUOTED_INCLUDE_IN_FRAMEWORK_HEADER = YES;
				CLANG_WARN_RANGE_LOOP_ANALYSIS = YES;
				CLANG_WARN_STRICT_PROTOTYPES = YES;
				CLANG_WARN_SUSPICIOUS_MOVE = YES;
				CLANG_WARN_UNGUARDED_AVAILABILITY = YES_AGGRESSIVE;
				CLANG_WARN_UNREACHABLE_CODE = YES;
				CLANG_WARN__DUPLICATE_METHOD_MATCH = YES;
				COPY_PHASE_STRIP = NO;
				DEBUG_INFORMATION_FORMAT = "dwarf-with-dsym";
				ENABLE_NS_ASSERTIONS = NO;
				ENABLE_STRICT_OBJC_MSGSEND = YES;
				GCC_C_LANGUAGE_STANDARD = gnu11;
				GCC_NO_COMMON_BLOCKS = YES;
				GCC_WARN_64_TO_32_BIT_CONVERSION = YES;
				GCC_WARN_ABOUT_RETURN_TYPE = YES_ERROR;
				GCC_WARN_UNDECLARED_SELECTOR = YES;
				GCC_WARN_UNINITIALIZED_AUTOS = YES_AGGRESSIVE;
				GCC_WARN_UNUSED_FUNCTION = YES;
				GCC_WARN_UNUSED_VARIABLE = YES;
				IPHONEOS_DEPLOYMENT_TARGET = 14.1;
				MTL_ENABLE_DEBUG_INFO = NO;
				MTL_FAST_MATH = YES;
				SDKROOT = iphoneos;
				SWIFT_COMPILATION_MODE = wholemodule;
				SWIFT_OPTIMIZATION_LEVEL = "-O";
				VALIDATE_PRODUCT = YES;
			};
			name = Release;
		};
		011A3F1B254F5C2A00F145C2 /* Debug */ = {
			isa = XCBuildConfiguration;
			buildSettings = {
				ASSETCATALOG_COMPILER_APPICON_NAME = AppIcon;
				ASSETCATALOG_COMPILER_GLOBAL_ACCENT_COLOR_NAME = AccentColor;
				CODE_SIGN_STYLE = Automatic;
				DEVELOPMENT_ASSET_PATHS = "\"AnimalMemoryV2/Preview Content\"";
				DEVELOPMENT_TEAM = NMBK2543Y3;
				ENABLE_PREVIEWS = YES;
				INFOPLIST_FILE = AnimalMemoryV2/Info.plist;
				IPHONEOS_DEPLOYMENT_TARGET = 14.0;
				LD_RUNPATH_SEARCH_PATHS = (
					"$(inherited)",
					"@executable_path/Frameworks",
				);
				MARKETING_VERSION = 0.1;
				PRODUCT_BUNDLE_IDENTIFIER = SJA.AnimalMemoryV2;
				PRODUCT_NAME = "$(TARGET_NAME)";
				SWIFT_VERSION = 5.0;
				TARGETED_DEVICE_FAMILY = "1,2";
			};
			name = Debug;
		};
		011A3F1C254F5C2A00F145C2 /* Release */ = {
			isa = XCBuildConfiguration;
			buildSettings = {
				ASSETCATALOG_COMPILER_APPICON_NAME = AppIcon;
				ASSETCATALOG_COMPILER_GLOBAL_ACCENT_COLOR_NAME = AccentColor;
				CODE_SIGN_STYLE = Automatic;
				DEVELOPMENT_ASSET_PATHS = "\"AnimalMemoryV2/Preview Content\"";
				DEVELOPMENT_TEAM = NMBK2543Y3;
				ENABLE_PREVIEWS = YES;
				INFOPLIST_FILE = AnimalMemoryV2/Info.plist;
				IPHONEOS_DEPLOYMENT_TARGET = 14.0;
				LD_RUNPATH_SEARCH_PATHS = (
					"$(inherited)",
					"@executable_path/Frameworks",
				);
				MARKETING_VERSION = 0.1;
				PRODUCT_BUNDLE_IDENTIFIER = SJA.AnimalMemoryV2;
				PRODUCT_NAME = "$(TARGET_NAME)";
				SWIFT_VERSION = 5.0;
				TARGETED_DEVICE_FAMILY = "1,2";
			};
			name = Release;
		};
		011A3F1E254F5C2A00F145C2 /* Debug */ = {
			isa = XCBuildConfiguration;
			buildSettings = {
				ALWAYS_EMBED_SWIFT_STANDARD_LIBRARIES = YES;
				BUNDLE_LOADER = "$(TEST_HOST)";
				CODE_SIGN_STYLE = Automatic;
				DEVELOPMENT_TEAM = NMBK2543Y3;
				INFOPLIST_FILE = AnimalMemoryV2Tests/Info.plist;
				IPHONEOS_DEPLOYMENT_TARGET = 14.0;
				LD_RUNPATH_SEARCH_PATHS = (
					"$(inherited)",
					"@executable_path/Frameworks",
					"@loader_path/Frameworks",
				);
				PRODUCT_BUNDLE_IDENTIFIER = SJA.AnimalMemoryV2Tests;
				PRODUCT_NAME = "$(TARGET_NAME)";
				SWIFT_VERSION = 5.0;
				TARGETED_DEVICE_FAMILY = "1,2";
				TEST_HOST = "$(BUILT_PRODUCTS_DIR)/AnimalMemoryV2.app/AnimalMemoryV2";
			};
			name = Debug;
		};
		011A3F1F254F5C2A00F145C2 /* Release */ = {
			isa = XCBuildConfiguration;
			buildSettings = {
				ALWAYS_EMBED_SWIFT_STANDARD_LIBRARIES = YES;
				BUNDLE_LOADER = "$(TEST_HOST)";
				CODE_SIGN_STYLE = Automatic;
				DEVELOPMENT_TEAM = NMBK2543Y3;
				INFOPLIST_FILE = AnimalMemoryV2Tests/Info.plist;
				IPHONEOS_DEPLOYMENT_TARGET = 14.0;
				LD_RUNPATH_SEARCH_PATHS = (
					"$(inherited)",
					"@executable_path/Frameworks",
					"@loader_path/Frameworks",
				);
				PRODUCT_BUNDLE_IDENTIFIER = SJA.AnimalMemoryV2Tests;
				PRODUCT_NAME = "$(TARGET_NAME)";
				SWIFT_VERSION = 5.0;
				TARGETED_DEVICE_FAMILY = "1,2";
				TEST_HOST = "$(BUILT_PRODUCTS_DIR)/AnimalMemoryV2.app/AnimalMemoryV2";
			};
			name = Release;
		};
		011A3F21254F5C2A00F145C2 /* Debug */ = {
			isa = XCBuildConfiguration;
			buildSettings = {
				ALWAYS_EMBED_SWIFT_STANDARD_LIBRARIES = YES;
				CODE_SIGN_STYLE = Automatic;
				DEVELOPMENT_TEAM = NMBK2543Y3;
				INFOPLIST_FILE = AnimalMemoryV2UITests/Info.plist;
				LD_RUNPATH_SEARCH_PATHS = (
					"$(inherited)",
					"@executable_path/Frameworks",
					"@loader_path/Frameworks",
				);
				PRODUCT_BUNDLE_IDENTIFIER = SJA.AnimalMemoryV2UITests;
				PRODUCT_NAME = "$(TARGET_NAME)";
				SWIFT_VERSION = 5.0;
				TARGETED_DEVICE_FAMILY = "1,2";
				TEST_TARGET_NAME = AnimalMemoryV2;
			};
			name = Debug;
		};
		011A3F22254F5C2A00F145C2 /* Release */ = {
			isa = XCBuildConfiguration;
			buildSettings = {
				ALWAYS_EMBED_SWIFT_STANDARD_LIBRARIES = YES;
				CODE_SIGN_STYLE = Automatic;
				DEVELOPMENT_TEAM = NMBK2543Y3;
				INFOPLIST_FILE = AnimalMemoryV2UITests/Info.plist;
				LD_RUNPATH_SEARCH_PATHS = (
					"$(inherited)",
					"@executable_path/Frameworks",
					"@loader_path/Frameworks",
				);
				PRODUCT_BUNDLE_IDENTIFIER = SJA.AnimalMemoryV2UITests;
				PRODUCT_NAME = "$(TARGET_NAME)";
				SWIFT_VERSION = 5.0;
				TARGETED_DEVICE_FAMILY = "1,2";
				TEST_TARGET_NAME = AnimalMemoryV2;
			};
			name = Release;
		};
/* End XCBuildConfiguration section */

/* Begin XCConfigurationList section */
		011A3EF0254F5C2900F145C2 /* Build configuration list for PBXProject "AnimalMemoryV2" */ = {
			isa = XCConfigurationList;
			buildConfigurations = (
				011A3F18254F5C2A00F145C2 /* Debug */,
				011A3F19254F5C2A00F145C2 /* Release */,
			);
			defaultConfigurationIsVisible = 0;
			defaultConfigurationName = Release;
		};
		011A3F1A254F5C2A00F145C2 /* Build configuration list for PBXNativeTarget "AnimalMemoryV2" */ = {
			isa = XCConfigurationList;
			buildConfigurations = (
				011A3F1B254F5C2A00F145C2 /* Debug */,
				011A3F1C254F5C2A00F145C2 /* Release */,
			);
			defaultConfigurationIsVisible = 0;
			defaultConfigurationName = Release;
		};
		011A3F1D254F5C2A00F145C2 /* Build configuration list for PBXNativeTarget "AnimalMemoryV2Tests" */ = {
			isa = XCConfigurationList;
			buildConfigurations = (
				011A3F1E254F5C2A00F145C2 /* Debug */,
				011A3F1F254F5C2A00F145C2 /* Release */,
			);
			defaultConfigurationIsVisible = 0;
			defaultConfigurationName = Release;
		};
		011A3F20254F5C2A00F145C2 /* Build configuration list for PBXNativeTarget "AnimalMemoryV2UITests" */ = {
			isa = XCConfigurationList;
			buildConfigurations = (
				011A3F21254F5C2A00F145C2 /* Debug */,
				011A3F22254F5C2A00F145C2 /* Release */,
			);
			defaultConfigurationIsVisible = 0;
			defaultConfigurationName = Release;
		};
/* End XCConfigurationList section */
	};
	rootObject = 011A3EED254F5C2900F145C2 /* Project object */;
}
